
Microsoft Visual Studio Solution File, Format Version 12.00
# Visual Studio Version 17
VisualStudioVersion = 17.5.002.0
MinimumVisualStudioVersion = 10.0.40219.1
Project("{9A19103F-16F7-4668-BE54-9A1E7A4F7556}") = "DesafioFundamentos", "DesafioFundamentos\DesafioFundamentos.csproj", "{44DF8500-0CF0-4460-B75A-D5DD5662B244}"
EndProject
Global
	GlobalSection(SolutionConfigurationPlatforms) = preSolution
		Debug|Any CPU = Debug|Any CPU
		Release|Any CPU = Release|Any CPU
	EndGlobalSection
	GlobalSection(ProjectConfigurationPlatforms) = postSolution
		{44DF8500-0CF0-4460-B75A-D5DD5662B244}.Debug|Any CPU.ActiveCfg = Debug|Any CPU
		{44DF8500-0CF0-4460-B75A-D5DD5662B244}.Debug|Any CPU.Build.0 = Debug|Any CPU
		{44DF8500-0CF0-4460-B75A-D5DD5662B244}.Release|Any CPU.ActiveCfg = Release|Any CPU
		{44DF8500-0CF0-4460-B75A-D5DD5662B244}.Release|Any CPU.Build.0 = Release|Any CPU
	EndGlobalSection
	GlobalSection(SolutionProperties) = preSolution
		HideSolutionNode = FALSE
	EndGlobalSection
	GlobalSection(ExtensibilityGlobals) = postSolution
		SolutionGuid = {F696427D-EF78-4E65-B227-69D5A5050C5F}
	EndGlobalSection
EndGlobal
